// !$*UTF8*$!
{
	archiveVersion = 1;
	classes = {
	};
	objectVersion = 56;
	objects = {

/* Begin PBXBuildFile section */
		2E12B5312BA2152800F44234 /* InputFieldViewPassword.swift in Sources */ = {isa = PBXBuildFile; fileRef = 2E12B5302BA2152800F44234 /* InputFieldViewPassword.swift */; };
		2E19785B2BD3DEED000AD527 /* HelpProfileRectangleDay.swift in Sources */ = {isa = PBXBuildFile; fileRef = 2E19785A2BD3DEED000AD527 /* HelpProfileRectangleDay.swift */; };
		2E19785E2BD3E5E7000AD527 /* OtherViewsRectangle.swift in Sources */ = {isa = PBXBuildFile; fileRef = 2E19785D2BD3E5E7000AD527 /* OtherViewsRectangle.swift */; };
		2E1978602BD57728000AD527 /* TabBar.swift in Sources */ = {isa = PBXBuildFile; fileRef = 2E19785F2BD57728000AD527 /* TabBar.swift */; };
		2E23AE412C24B526003FCCC1 /* IdeasView.swift in Sources */ = {isa = PBXBuildFile; fileRef = 2E23AE402C24B526003FCCC1 /* IdeasView.swift */; };
		2E23AE432C24B604003FCCC1 /* SettingsView.swift in Sources */ = {isa = PBXBuildFile; fileRef = 2E23AE422C24B604003FCCC1 /* SettingsView.swift */; };
		2E23AE462C2614D2003FCCC1 /* SubscriptionButton.swift in Sources */ = {isa = PBXBuildFile; fileRef = 2E23AE452C2614D2003FCCC1 /* SubscriptionButton.swift */; };
		2E34CBB32C881F970063F57F /* Model.swift in Sources */ = {isa = PBXBuildFile; fileRef = 2E34CBB22C881F970063F57F /* Model.swift */; };
		2E34CBB52C8833700063F57F /* StoryView.swift in Sources */ = {isa = PBXBuildFile; fileRef = 2E34CBB42C8833700063F57F /* StoryView.swift */; };
		2E542A062CA8A26300338070 /* DayRectangel.swift in Sources */ = {isa = PBXBuildFile; fileRef = 2E542A052CA8A26300338070 /* DayRectangel.swift */; };
		2E6092362CBE73B900081545 /* MorningSplash.swift in Sources */ = {isa = PBXBuildFile; fileRef = 2E6092352CBE73B900081545 /* MorningSplash.swift */; };
		2E60923A2CBE800800081545 /* ArialRoundedBold.ttf in Resources */ = {isa = PBXBuildFile; fileRef = 2E6092392CBE800800081545 /* ArialRoundedBold.ttf */; };
		2E60923C2CBE80A400081545 /* AmericanTypewriter.ttc in Resources */ = {isa = PBXBuildFile; fileRef = 2E60923B2CBE80A400081545 /* AmericanTypewriter.ttc */; };
		2E60923E2CBE814800081545 /* komika.ttf in Resources */ = {isa = PBXBuildFile; fileRef = 2E60923D2CBE814800081545 /* komika.ttf */; };
		2E6092402CBE835800081545 /* Iowan Old Style.ttc in Resources */ = {isa = PBXBuildFile; fileRef = 2E60923F2CBE835800081545 /* Iowan Old Style.ttc */; };
		2E61245F2B9025B300494DF6 /* Preview Assets.xcassets in Resources */ = {isa = PBXBuildFile; fileRef = 2E61245E2B9025B300494DF6 /* Preview Assets.xcassets */; };
		2E66C4512BC79DD600FC2E49 /* AuthPasswordInputField.swift in Sources */ = {isa = PBXBuildFile; fileRef = 2E66C4502BC79DD600FC2E49 /* AuthPasswordInputField.swift */; };
		2E66C4532BC79F4D00FC2E49 /* OTPModifier.swift in Sources */ = {isa = PBXBuildFile; fileRef = 2E66C4522BC79F4D00FC2E49 /* OTPModifier.swift */; };
		2E69F7862CDE11A2002F970E /* AppleId.swift in Sources */ = {isa = PBXBuildFile; fileRef = 2E69F7852CDE11A2002F970E /* AppleId.swift */; };
		2E6B1A112CDCF31200E07DB2 /* NewDreamView.swift in Sources */ = {isa = PBXBuildFile; fileRef = 2E6B1A102CDCF31200E07DB2 /* NewDreamView.swift */; };
		2E784F432BA0BE7700AA58F9 /* LogInView.swift in Sources */ = {isa = PBXBuildFile; fileRef = 2E784F422BA0BE7700AA58F9 /* LogInView.swift */; };
		2E784F452BA0BE8200AA58F9 /* SignUpView.swift in Sources */ = {isa = PBXBuildFile; fileRef = 2E784F442BA0BE8200AA58F9 /* SignUpView.swift */; };
		2E85787B2BBA030000BEA1ED /* OnboardingView3.swift in Sources */ = {isa = PBXBuildFile; fileRef = 2E85787A2BBA030000BEA1ED /* OnboardingView3.swift */; };
		2E85787D2BBAA7AB00BEA1ED /* TestPageView.swift in Sources */ = {isa = PBXBuildFile; fileRef = 2E85787C2BBAA7AB00BEA1ED /* TestPageView.swift */; };
		2E8578802BBAB44900BEA1ED /* MontserratAlternates.ttf in Resources */ = {isa = PBXBuildFile; fileRef = 2E85787F2BBAB44900BEA1ED /* MontserratAlternates.ttf */; };
		2E8578822BBBF07300BEA1ED /* YellowButton.swift in Sources */ = {isa = PBXBuildFile; fileRef = 2E8578812BBBF07300BEA1ED /* YellowButton.swift */; };
		2E8578842BBBF07F00BEA1ED /* ClearYellowButton.swift in Sources */ = {isa = PBXBuildFile; fileRef = 2E8578832BBBF07F00BEA1ED /* ClearYellowButton.swift */; };
		2E8578862BBBF76800BEA1ED /* OrView.swift in Sources */ = {isa = PBXBuildFile; fileRef = 2E8578852BBBF76800BEA1ED /* OrView.swift */; };
		2E8578882BBBFAF400BEA1ED /* CustomCheckBoxView.swift in Sources */ = {isa = PBXBuildFile; fileRef = 2E8578872BBBFAF400BEA1ED /* CustomCheckBoxView.swift */; };
		2E85788A2BBD82F700BEA1ED /* AuthenticationView.swift in Sources */ = {isa = PBXBuildFile; fileRef = 2E8578892BBD82F700BEA1ED /* AuthenticationView.swift */; };
		2E8F49022B9489DF00414354 /* OnboardingView1.swift in Sources */ = {isa = PBXBuildFile; fileRef = 2E8F49012B9489DF00414354 /* OnboardingView1.swift */; };
		2E90A3162CE110DC00643AB4 /* LastOnboarding.swift in Sources */ = {isa = PBXBuildFile; fileRef = 2E90A3152CE110DC00643AB4 /* LastOnboarding.swift */; };
		2E90A3182CE1158600643AB4 /* YellowButtonLastOnboard.swift in Sources */ = {isa = PBXBuildFile; fileRef = 2E90A3172CE1158600643AB4 /* YellowButtonLastOnboard.swift */; };
		2E912D3A2B970CD600664140 /* MainOnboarding.swift in Sources */ = {isa = PBXBuildFile; fileRef = 2E912D392B970CD600664140 /* MainOnboarding.swift */; };
		2E92C9262BC04DA7005E4DB9 /* CreateNewPasswordView.swift in Sources */ = {isa = PBXBuildFile; fileRef = 2E92C9252BC04DA7005E4DB9 /* CreateNewPasswordView.swift */; };
		2E92C9282BC04EBA005E4DB9 /* PasswordCreatedView.swift in Sources */ = {isa = PBXBuildFile; fileRef = 2E92C9272BC04EBA005E4DB9 /* PasswordCreatedView.swift */; };
		2E9BD10F2BA35DDF0055566F /* InputFieldView.swift in Sources */ = {isa = PBXBuildFile; fileRef = 2E9BD10E2BA35DDF0055566F /* InputFieldView.swift */; };
		2EA06B9D2BD18F880056E9F7 /* MainView.swift in Sources */ = {isa = PBXBuildFile; fileRef = 2EA06B9C2BD18F880056E9F7 /* MainView.swift */; };
		2EA06B9F2BD18F9A0056E9F7 /* CustomTabBar.swift in Sources */ = {isa = PBXBuildFile; fileRef = 2EA06B9E2BD18F9A0056E9F7 /* CustomTabBar.swift */; };
		2EA20C832B908FC2000AAEC2 /* OnboardingView2.swift in Sources */ = {isa = PBXBuildFile; fileRef = 2EA20C822B908FC2000AAEC2 /* OnboardingView2.swift */; };
		2EA20C852B919924000AAEC2 /* Assets.xcassets in Resources */ = {isa = PBXBuildFile; fileRef = 2E61245B2B9025B300494DF6 /* Assets.xcassets */; };
		2EA20C882B919B24000AAEC2 /* SplashView.swift in Sources */ = {isa = PBXBuildFile; fileRef = 2E6124592B9025B100494DF6 /* SplashView.swift */; };
		2EA84E1C2C901BBD00C74160 /* NewStoryView.swift in Sources */ = {isa = PBXBuildFile; fileRef = 2EA84E1B2C901BBD00C74160 /* NewStoryView.swift */; };
		2EB1BCB02C22C03A00DBA29F /* DreamsCountView.swift in Sources */ = {isa = PBXBuildFile; fileRef = 2EB1BCAF2C22C03A00DBA29F /* DreamsCountView.swift */; };
		2EC4704D2CE3443A00CE1D48 /* BigYellowButton.swift in Sources */ = {isa = PBXBuildFile; fileRef = 2EC4704C2CE3443A00CE1D48 /* BigYellowButton.swift */; };
		2EC4DBFD2BBE7FFF00DE1B43 /* PasswordResetView .swift in Sources */ = {isa = PBXBuildFile; fileRef = 2EC4DBFC2BBE7FFF00DE1B43 /* PasswordResetView .swift */; };
		2ECD80112C9AA04A003147BE /* StoryTextView.swift in Sources */ = {isa = PBXBuildFile; fileRef = 2ECD80102C9AA04A003147BE /* StoryTextView.swift */; };
		2EDE21072C1F04C3006951E7 /* DreamView.swift in Sources */ = {isa = PBXBuildFile; fileRef = 2EDE21062C1F04C3006951E7 /* DreamView.swift */; };
		2EDE21092C20BE23006951E7 /* SubscriptionView.swift in Sources */ = {isa = PBXBuildFile; fileRef = 2EDE21082C20BE23006951E7 /* SubscriptionView.swift */; };
		2EE3AC2E2CC2D1620045EDD0 /* DaySplash.swift in Sources */ = {isa = PBXBuildFile; fileRef = 2EE3AC2D2CC2D1620045EDD0 /* DaySplash.swift */; };
		2EE3AC302CC57D960045EDD0 /* EveningSplash.swift in Sources */ = {isa = PBXBuildFile; fileRef = 2EE3AC2F2CC57D960045EDD0 /* EveningSplash.swift */; };
		2EEB4DD12CCCC222006FD26D /* IdeasViewModel.swift in Sources */ = {isa = PBXBuildFile; fileRef = 2EEB4DD02CCCC222006FD26D /* IdeasViewModel.swift */; };
		2EFB88382CABBFA90006D68E /* EveningRectangle.swift in Sources */ = {isa = PBXBuildFile; fileRef = 2EFB88372CABBFA90006D68E /* EveningRectangle.swift */; };
		2EFB883A2CABC10D0006D68E /* HelpProfileRectangleEvening.swift in Sources */ = {isa = PBXBuildFile; fileRef = 2EFB88392CABC10D0006D68E /* HelpProfileRectangleEvening.swift */; };
		2EFB883C2CABC9050006D68E /* MorningRectangle.swift in Sources */ = {isa = PBXBuildFile; fileRef = 2EFB883B2CABC9050006D68E /* MorningRectangle.swift */; };
		2EFB883E2CABC9160006D68E /* HelpProfileRectangleMorning.swift in Sources */ = {isa = PBXBuildFile; fileRef = 2EFB883D2CABC9160006D68E /* HelpProfileRectangleMorning.swift */; };
		AC3213602C9519DE006D4399 /* DreamControlAppApp.swift in Sources */ = {isa = PBXBuildFile; fileRef = AC32135F2C9519DE006D4399 /* DreamControlAppApp.swift */; };
		AC3213632C9519F5006D4399 /* StoriesService.swift in Sources */ = {isa = PBXBuildFile; fileRef = AC3213612C9519F5006D4399 /* StoriesService.swift */; };
/* End PBXBuildFile section */

/* Begin PBXFileReference section */
		2E12B5302BA2152800F44234 /* InputFieldViewPassword.swift */ = {isa = PBXFileReference; lastKnownFileType = sourcecode.swift; path = InputFieldViewPassword.swift; sourceTree = "<group>"; };
		2E19785A2BD3DEED000AD527 /* HelpProfileRectangleDay.swift */ = {isa = PBXFileReference; lastKnownFileType = sourcecode.swift; path = HelpProfileRectangleDay.swift; sourceTree = "<group>"; };
		2E19785D2BD3E5E7000AD527 /* OtherViewsRectangle.swift */ = {isa = PBXFileReference; lastKnownFileType = sourcecode.swift; path = OtherViewsRectangle.swift; sourceTree = "<group>"; };
		2E19785F2BD57728000AD527 /* TabBar.swift */ = {isa = PBXFileReference; lastKnownFileType = sourcecode.swift; path = TabBar.swift; sourceTree = "<group>"; };
		2E23AE402C24B526003FCCC1 /* IdeasView.swift */ = {isa = PBXFileReference; lastKnownFileType = sourcecode.swift; path = IdeasView.swift; sourceTree = "<group>"; };
		2E23AE422C24B604003FCCC1 /* SettingsView.swift */ = {isa = PBXFileReference; lastKnownFileType = sourcecode.swift; path = SettingsView.swift; sourceTree = "<group>"; };
		2E23AE452C2614D2003FCCC1 /* SubscriptionButton.swift */ = {isa = PBXFileReference; lastKnownFileType = sourcecode.swift; path = SubscriptionButton.swift; sourceTree = "<group>"; };
		2E34CBB22C881F970063F57F /* Model.swift */ = {isa = PBXFileReference; lastKnownFileType = sourcecode.swift; path = Model.swift; sourceTree = "<group>"; };
		2E34CBB42C8833700063F57F /* StoryView.swift */ = {isa = PBXFileReference; lastKnownFileType = sourcecode.swift; path = StoryView.swift; sourceTree = "<group>"; };
		2E542A052CA8A26300338070 /* DayRectangel.swift */ = {isa = PBXFileReference; lastKnownFileType = sourcecode.swift; path = DayRectangel.swift; sourceTree = "<group>"; };
		2E6092352CBE73B900081545 /* MorningSplash.swift */ = {isa = PBXFileReference; lastKnownFileType = sourcecode.swift; path = MorningSplash.swift; sourceTree = "<group>"; };
		2E6092372CBE7EFC00081545 /* Cochin.ttc */ = {isa = PBXFileReference; lastKnownFileType = file; path = Cochin.ttc; sourceTree = "<group>"; };
		2E6092382CBE7F5100081545 /* ComicSansMS.ttf */ = {isa = PBXFileReference; lastKnownFileType = file; path = ComicSansMS.ttf; sourceTree = "<group>"; };
		2E6092392CBE800800081545 /* ArialRoundedBold.ttf */ = {isa = PBXFileReference; lastKnownFileType = file; path = ArialRoundedBold.ttf; sourceTree = "<group>"; };
		2E60923B2CBE80A400081545 /* AmericanTypewriter.ttc */ = {isa = PBXFileReference; lastKnownFileType = file; path = AmericanTypewriter.ttc; sourceTree = "<group>"; };
		2E60923D2CBE814800081545 /* komika.ttf */ = {isa = PBXFileReference; lastKnownFileType = file; path = komika.ttf; sourceTree = "<group>"; };
		2E60923F2CBE835800081545 /* Iowan Old Style.ttc */ = {isa = PBXFileReference; lastKnownFileType = file; path = "Iowan Old Style.ttc"; sourceTree = "<group>"; };
		2E6124542B9025B100494DF6 /* DreamControlApp.app */ = {isa = PBXFileReference; explicitFileType = wrapper.application; includeInIndex = 0; path = DreamControlApp.app; sourceTree = BUILT_PRODUCTS_DIR; };
		2E6124592B9025B100494DF6 /* SplashView.swift */ = {isa = PBXFileReference; lastKnownFileType = sourcecode.swift; path = SplashView.swift; sourceTree = "<group>"; };
		2E61245B2B9025B300494DF6 /* Assets.xcassets */ = {isa = PBXFileReference; lastKnownFileType = folder.assetcatalog; path = Assets.xcassets; sourceTree = "<group>"; };
		2E61245E2B9025B300494DF6 /* Preview Assets.xcassets */ = {isa = PBXFileReference; lastKnownFileType = folder.assetcatalog; path = "Preview Assets.xcassets"; sourceTree = "<group>"; };
		2E66C4502BC79DD600FC2E49 /* AuthPasswordInputField.swift */ = {isa = PBXFileReference; lastKnownFileType = sourcecode.swift; path = AuthPasswordInputField.swift; sourceTree = "<group>"; };
		2E66C4522BC79F4D00FC2E49 /* OTPModifier.swift */ = {isa = PBXFileReference; lastKnownFileType = sourcecode.swift; path = OTPModifier.swift; sourceTree = "<group>"; };
		2E69F7852CDE11A2002F970E /* AppleId.swift */ = {isa = PBXFileReference; lastKnownFileType = sourcecode.swift; path = AppleId.swift; sourceTree = "<group>"; };
		2E6B1A102CDCF31200E07DB2 /* NewDreamView.swift */ = {isa = PBXFileReference; lastKnownFileType = sourcecode.swift; path = NewDreamView.swift; sourceTree = "<group>"; };
		2E784F422BA0BE7700AA58F9 /* LogInView.swift */ = {isa = PBXFileReference; lastKnownFileType = sourcecode.swift; path = LogInView.swift; sourceTree = "<group>"; };
		2E784F442BA0BE8200AA58F9 /* SignUpView.swift */ = {isa = PBXFileReference; lastKnownFileType = sourcecode.swift; path = SignUpView.swift; sourceTree = "<group>"; };
		2E85787A2BBA030000BEA1ED /* OnboardingView3.swift */ = {isa = PBXFileReference; lastKnownFileType = sourcecode.swift; path = OnboardingView3.swift; sourceTree = "<group>"; };
		2E85787C2BBAA7AB00BEA1ED /* TestPageView.swift */ = {isa = PBXFileReference; lastKnownFileType = sourcecode.swift; path = TestPageView.swift; sourceTree = "<group>"; };
		2E85787F2BBAB44900BEA1ED /* MontserratAlternates.ttf */ = {isa = PBXFileReference; lastKnownFileType = file; path = MontserratAlternates.ttf; sourceTree = "<group>"; };
		2E8578812BBBF07300BEA1ED /* YellowButton.swift */ = {isa = PBXFileReference; lastKnownFileType = sourcecode.swift; path = YellowButton.swift; sourceTree = "<group>"; };
		2E8578832BBBF07F00BEA1ED /* ClearYellowButton.swift */ = {isa = PBXFileReference; lastKnownFileType = sourcecode.swift; path = ClearYellowButton.swift; sourceTree = "<group>"; };
		2E8578852BBBF76800BEA1ED /* OrView.swift */ = {isa = PBXFileReference; lastKnownFileType = sourcecode.swift; path = OrView.swift; sourceTree = "<group>"; };
		2E8578872BBBFAF400BEA1ED /* CustomCheckBoxView.swift */ = {isa = PBXFileReference; lastKnownFileType = sourcecode.swift; path = CustomCheckBoxView.swift; sourceTree = "<group>"; };
		2E8578892BBD82F700BEA1ED /* AuthenticationView.swift */ = {isa = PBXFileReference; lastKnownFileType = sourcecode.swift; path = AuthenticationView.swift; sourceTree = "<group>"; };
		2E8F49012B9489DF00414354 /* OnboardingView1.swift */ = {isa = PBXFileReference; lastKnownFileType = sourcecode.swift; path = OnboardingView1.swift; sourceTree = "<group>"; };
		2E90A3152CE110DC00643AB4 /* LastOnboarding.swift */ = {isa = PBXFileReference; lastKnownFileType = sourcecode.swift; path = LastOnboarding.swift; sourceTree = "<group>"; };
		2E90A3172CE1158600643AB4 /* YellowButtonLastOnboard.swift */ = {isa = PBXFileReference; lastKnownFileType = sourcecode.swift; path = YellowButtonLastOnboard.swift; sourceTree = "<group>"; };
		2E912D392B970CD600664140 /* MainOnboarding.swift */ = {isa = PBXFileReference; lastKnownFileType = sourcecode.swift; path = MainOnboarding.swift; sourceTree = "<group>"; };
		2E92C9252BC04DA7005E4DB9 /* CreateNewPasswordView.swift */ = {isa = PBXFileReference; lastKnownFileType = sourcecode.swift; path = CreateNewPasswordView.swift; sourceTree = "<group>"; };
		2E92C9272BC04EBA005E4DB9 /* PasswordCreatedView.swift */ = {isa = PBXFileReference; lastKnownFileType = sourcecode.swift; path = PasswordCreatedView.swift; sourceTree = "<group>"; };
		2E9BD10E2BA35DDF0055566F /* InputFieldView.swift */ = {isa = PBXFileReference; lastKnownFileType = sourcecode.swift; path = InputFieldView.swift; sourceTree = "<group>"; };
		2EA06B9C2BD18F880056E9F7 /* MainView.swift */ = {isa = PBXFileReference; lastKnownFileType = sourcecode.swift; path = MainView.swift; sourceTree = "<group>"; };
		2EA06B9E2BD18F9A0056E9F7 /* CustomTabBar.swift */ = {isa = PBXFileReference; lastKnownFileType = sourcecode.swift; path = CustomTabBar.swift; sourceTree = "<group>"; };
		2EA20C822B908FC2000AAEC2 /* OnboardingView2.swift */ = {isa = PBXFileReference; lastKnownFileType = sourcecode.swift; path = OnboardingView2.swift; sourceTree = "<group>"; };
		2EA84E1B2C901BBD00C74160 /* NewStoryView.swift */ = {isa = PBXFileReference; lastKnownFileType = sourcecode.swift; path = NewStoryView.swift; sourceTree = "<group>"; };
		2EB1BCAF2C22C03A00DBA29F /* DreamsCountView.swift */ = {isa = PBXFileReference; lastKnownFileType = sourcecode.swift; path = DreamsCountView.swift; sourceTree = "<group>"; };
		2EC4704C2CE3443A00CE1D48 /* BigYellowButton.swift */ = {isa = PBXFileReference; lastKnownFileType = sourcecode.swift; path = BigYellowButton.swift; sourceTree = "<group>"; };
		2EC4DBFC2BBE7FFF00DE1B43 /* PasswordResetView .swift */ = {isa = PBXFileReference; lastKnownFileType = sourcecode.swift; path = "PasswordResetView .swift"; sourceTree = "<group>"; };
		2ECD80102C9AA04A003147BE /* StoryTextView.swift */ = {isa = PBXFileReference; lastKnownFileType = sourcecode.swift; path = StoryTextView.swift; sourceTree = "<group>"; };
		2EDE21062C1F04C3006951E7 /* DreamView.swift */ = {isa = PBXFileReference; lastKnownFileType = sourcecode.swift; path = DreamView.swift; sourceTree = "<group>"; };
		2EDE21082C20BE23006951E7 /* SubscriptionView.swift */ = {isa = PBXFileReference; lastKnownFileType = sourcecode.swift; path = SubscriptionView.swift; sourceTree = "<group>"; };
		2EE3AC2D2CC2D1620045EDD0 /* DaySplash.swift */ = {isa = PBXFileReference; lastKnownFileType = sourcecode.swift; path = DaySplash.swift; sourceTree = "<group>"; };
		2EE3AC2F2CC57D960045EDD0 /* EveningSplash.swift */ = {isa = PBXFileReference; lastKnownFileType = sourcecode.swift; path = EveningSplash.swift; sourceTree = "<group>"; };
		2EEB4DD02CCCC222006FD26D /* IdeasViewModel.swift */ = {isa = PBXFileReference; lastKnownFileType = sourcecode.swift; path = IdeasViewModel.swift; sourceTree = "<group>"; };
		2EFB88372CABBFA90006D68E /* EveningRectangle.swift */ = {isa = PBXFileReference; lastKnownFileType = sourcecode.swift; path = EveningRectangle.swift; sourceTree = "<group>"; };
		2EFB88392CABC10D0006D68E /* HelpProfileRectangleEvening.swift */ = {isa = PBXFileReference; lastKnownFileType = sourcecode.swift; path = HelpProfileRectangleEvening.swift; sourceTree = "<group>"; };
		2EFB883B2CABC9050006D68E /* MorningRectangle.swift */ = {isa = PBXFileReference; lastKnownFileType = sourcecode.swift; path = MorningRectangle.swift; sourceTree = "<group>"; };
		2EFB883D2CABC9160006D68E /* HelpProfileRectangleMorning.swift */ = {isa = PBXFileReference; lastKnownFileType = sourcecode.swift; path = HelpProfileRectangleMorning.swift; sourceTree = "<group>"; };
		AC32135F2C9519DE006D4399 /* DreamControlAppApp.swift */ = {isa = PBXFileReference; fileEncoding = 4; lastKnownFileType = sourcecode.swift; path = DreamControlAppApp.swift; sourceTree = "<group>"; };
		AC3213612C9519F5006D4399 /* StoriesService.swift */ = {isa = PBXFileReference; fileEncoding = 4; lastKnownFileType = sourcecode.swift; path = StoriesService.swift; sourceTree = "<group>"; };
/* End PBXFileReference section */

/* Begin PBXFrameworksBuildPhase section */
		2E6124512B9025B100494DF6 /* Frameworks */ = {
			isa = PBXFrameworksBuildPhase;
			buildActionMask = 2147483647;
			files = (
			);
			runOnlyForDeploymentPostprocessing = 0;
		};
/* End PBXFrameworksBuildPhase section */

/* Begin PBXGroup section */
		2E12B52F2BA2150800F44234 /* HelpViews */ = {
			isa = PBXGroup;
			children = (
				2EFB88362CABBF840006D68E /* DailyRectangles */,
				2E23AE442C2614A1003FCCC1 /* DreamView */,
				2E19785C2BD3DF12000AD527 /* MainView */,
				2E12B5302BA2152800F44234 /* InputFieldViewPassword.swift */,
				2E9BD10E2BA35DDF0055566F /* InputFieldView.swift */,
				2EC4704C2CE3443A00CE1D48 /* BigYellowButton.swift */,
				2E8578812BBBF07300BEA1ED /* YellowButton.swift */,
				2E8578832BBBF07F00BEA1ED /* ClearYellowButton.swift */,
				2E8578852BBBF76800BEA1ED /* OrView.swift */,
				2E8578872BBBFAF400BEA1ED /* CustomCheckBoxView.swift */,
				2E90A3172CE1158600643AB4 /* YellowButtonLastOnboard.swift */,
			);
			path = HelpViews;
			sourceTree = "<group>";
		};
		2E19785C2BD3DF12000AD527 /* MainView */ = {
			isa = PBXGroup;
			children = (
				2E19785A2BD3DEED000AD527 /* HelpProfileRectangleDay.swift */,
				2EFB88392CABC10D0006D68E /* HelpProfileRectangleEvening.swift */,
				2E19785D2BD3E5E7000AD527 /* OtherViewsRectangle.swift */,
				2EB1BCAF2C22C03A00DBA29F /* DreamsCountView.swift */,
				2EFB883D2CABC9160006D68E /* HelpProfileRectangleMorning.swift */,
			);
			path = MainView;
			sourceTree = "<group>";
		};
		2E23AE442C2614A1003FCCC1 /* DreamView */ = {
			isa = PBXGroup;
			children = (
				2E23AE452C2614D2003FCCC1 /* SubscriptionButton.swift */,
			);
			path = DreamView;
			sourceTree = "<group>";
		};
		2E252B402CB6579C006E3ACA /* IdeaViews */ = {
			isa = PBXGroup;
			children = (
				2E23AE402C24B526003FCCC1 /* IdeasView.swift */,
				2EEB4DD02CCCC222006FD26D /* IdeasViewModel.swift */,
			);
			path = IdeaViews;
			sourceTree = "<group>";
		};
		2E34CBB12C881F850063F57F /* Models */ = {
			isa = PBXGroup;
			children = (
				2E34CBB22C881F970063F57F /* Model.swift */,
			);
			path = Models;
			sourceTree = "<group>";
		};
		2E6092342CBE738300081545 /* DailySplash */ = {
			isa = PBXGroup;
			children = (
				2E6092352CBE73B900081545 /* MorningSplash.swift */,
				2EE3AC2D2CC2D1620045EDD0 /* DaySplash.swift */,
				2EE3AC2F2CC57D960045EDD0 /* EveningSplash.swift */,
			);
			path = DailySplash;
			sourceTree = "<group>";
		};
		2E61244B2B9025B100494DF6 = {
			isa = PBXGroup;
			children = (
				2E6124562B9025B100494DF6 /* DreamControlApp */,
				2E6124552B9025B100494DF6 /* Products */,
			);
			sourceTree = "<group>";
		};
		2E6124552B9025B100494DF6 /* Products */ = {
			isa = PBXGroup;
			children = (
				2E6124542B9025B100494DF6 /* DreamControlApp.app */,
			);
			name = Products;
			sourceTree = "<group>";
		};
		2E6124562B9025B100494DF6 /* DreamControlApp */ = {
			isa = PBXGroup;
			children = (
				AC32135F2C9519DE006D4399 /* DreamControlAppApp.swift */,
				AC3213622C9519F5006D4399 /* Services */,
				2E69F7882CDF47C7002F970E /* Not Use */,
				2E85787E2BBAB24E00BEA1ED /* MainViews */,
				2E12B52F2BA2150800F44234 /* HelpViews */,
				2E912D382B970CBA00664140 /* Onboarding */,
				2EA20C932B91EF3F000AAEC2 /* Fonts */,
				2E61245D2B9025B300494DF6 /* Preview Content */,
				2E61245B2B9025B300494DF6 /* Assets.xcassets */,
			);
			path = DreamControlApp;
			sourceTree = "<group>";
		};
		2E61245D2B9025B300494DF6 /* Preview Content */ = {
			isa = PBXGroup;
			children = (
				2E61245E2B9025B300494DF6 /* Preview Assets.xcassets */,
			);
			path = "Preview Content";
			sourceTree = "<group>";
		};
		2E63DC852B9F5C7E000B13C6 /* LogIn */ = {
			isa = PBXGroup;
			children = (
				2E784F422BA0BE7700AA58F9 /* LogInView.swift */,
			);
			path = LogIn;
			sourceTree = "<group>";
		};
		2E63DC862B9F5C87000B13C6 /* SignUp */ = {
			isa = PBXGroup;
			children = (
				2E784F442BA0BE8200AA58F9 /* SignUpView.swift */,
			);
			path = SignUp;
			sourceTree = "<group>";
		};
		2E66C4542BC79F5100FC2E49 /* OTP */ = {
			isa = PBXGroup;
			children = (
				2E66C4502BC79DD600FC2E49 /* AuthPasswordInputField.swift */,
				2E66C4522BC79F4D00FC2E49 /* OTPModifier.swift */,
			);
			path = OTP;
			sourceTree = "<group>";
		};
		2E69F7882CDF47C7002F970E /* Not Use */ = {
			isa = PBXGroup;
			children = (
				2E85787C2BBAA7AB00BEA1ED /* TestPageView.swift */,
				2E8578892BBD82F700BEA1ED /* AuthenticationView.swift */,
				2E912D392B970CD600664140 /* MainOnboarding.swift */,
				2E69F7852CDE11A2002F970E /* AppleId.swift */,
				2E63DC862B9F5C87000B13C6 /* SignUp */,
				2E63DC852B9F5C7E000B13C6 /* LogIn */,
				2E66C4542BC79F5100FC2E49 /* OTP */,
			);
			path = "Not Use";
			sourceTree = "<group>";
		};
		2E85787E2BBAB24E00BEA1ED /* MainViews */ = {
			isa = PBXGroup;
			children = (
				2E6092342CBE738300081545 /* DailySplash */,
				2E252B402CB6579C006E3ACA /* IdeaViews */,
				2EA06B9B2BD18F720056E9F7 /* TabBarViews */,
				2E92C9292BC04EC1005E4DB9 /* Password */,
				2E6124592B9025B100494DF6 /* SplashView.swift */,
			);
			path = MainViews;
			sourceTree = "<group>";
		};
		2E912D382B970CBA00664140 /* Onboarding */ = {
			isa = PBXGroup;
			children = (
				2E8F49012B9489DF00414354 /* OnboardingView1.swift */,
				2EA20C822B908FC2000AAEC2 /* OnboardingView2.swift */,
				2E85787A2BBA030000BEA1ED /* OnboardingView3.swift */,
				2E90A3152CE110DC00643AB4 /* LastOnboarding.swift */,
			);
			path = Onboarding;
			sourceTree = "<group>";
		};
		2E92C9292BC04EC1005E4DB9 /* Password */ = {
			isa = PBXGroup;
			children = (
				2EA84E1B2C901BBD00C74160 /* NewStoryView.swift */,
				2EC4DBFC2BBE7FFF00DE1B43 /* PasswordResetView .swift */,
				2E92C9252BC04DA7005E4DB9 /* CreateNewPasswordView.swift */,
				2E92C9272BC04EBA005E4DB9 /* PasswordCreatedView.swift */,
			);
			path = Password;
			sourceTree = "<group>";
		};
		2EA06B9B2BD18F720056E9F7 /* TabBarViews */ = {
			isa = PBXGroup;
			children = (
				2EA06B9C2BD18F880056E9F7 /* MainView.swift */,
				2EA06B9E2BD18F9A0056E9F7 /* CustomTabBar.swift */,
				2E19785F2BD57728000AD527 /* TabBar.swift */,
				2EDE21062C1F04C3006951E7 /* DreamView.swift */,
				2EDE21082C20BE23006951E7 /* SubscriptionView.swift */,
				2E23AE422C24B604003FCCC1 /* SettingsView.swift */,
				2E34CBB42C8833700063F57F /* StoryView.swift */,
				2ECD80102C9AA04A003147BE /* StoryTextView.swift */,
				2E6B1A102CDCF31200E07DB2 /* NewDreamView.swift */,
			);
			path = TabBarViews;
			sourceTree = "<group>";
		};
		2EA20C932B91EF3F000AAEC2 /* Fonts */ = {
			isa = PBXGroup;
			children = (
				2E60923F2CBE835800081545 /* Iowan Old Style.ttc */,
				2E6092392CBE800800081545 /* ArialRoundedBold.ttf */,
				2E60923B2CBE80A400081545 /* AmericanTypewriter.ttc */,
				2E60923D2CBE814800081545 /* komika.ttf */,
				2E6092372CBE7EFC00081545 /* Cochin.ttc */,
				2E6092382CBE7F5100081545 /* ComicSansMS.ttf */,
				2E85787F2BBAB44900BEA1ED /* MontserratAlternates.ttf */,
			);
			path = Fonts;
			sourceTree = "<group>";
		};
		2EFB88362CABBF840006D68E /* DailyRectangles */ = {
			isa = PBXGroup;
			children = (
				2E542A052CA8A26300338070 /* DayRectangel.swift */,
				2EFB88372CABBFA90006D68E /* EveningRectangle.swift */,
				2EFB883B2CABC9050006D68E /* MorningRectangle.swift */,
			);
			path = DailyRectangles;
			sourceTree = "<group>";
		};
		AC3213622C9519F5006D4399 /* Services */ = {
			isa = PBXGroup;
			children = (
				2E34CBB12C881F850063F57F /* Models */,
				AC3213612C9519F5006D4399 /* StoriesService.swift */,
			);
			path = Services;
			sourceTree = "<group>";
		};
/* End PBXGroup section */

/* Begin PBXNativeTarget section */
		2E6124532B9025B100494DF6 /* DreamControlApp */ = {
			isa = PBXNativeTarget;
			buildConfigurationList = 2E6124622B9025B300494DF6 /* Build configuration list for PBXNativeTarget "DreamControlApp" */;
			buildPhases = (
				2E6124502B9025B100494DF6 /* Sources */,
				2E6124512B9025B100494DF6 /* Frameworks */,
				2E6124522B9025B100494DF6 /* Resources */,
			);
			buildRules = (
			);
			dependencies = (
			);
			name = DreamControlApp;
			productName = DreamControlApp;
			productReference = 2E6124542B9025B100494DF6 /* DreamControlApp.app */;
			productType = "com.apple.product-type.application";
		};
/* End PBXNativeTarget section */

/* Begin PBXProject section */
		2E61244C2B9025B100494DF6 /* Project object */ = {
			isa = PBXProject;
			attributes = {
				BuildIndependentTargetsInParallel = 1;
				LastSwiftUpdateCheck = 1500;
				LastUpgradeCheck = 1500;
				TargetAttributes = {
					2E6124532B9025B100494DF6 = {
						CreatedOnToolsVersion = 15.0.1;
					};
				};
			};
			buildConfigurationList = 2E61244F2B9025B100494DF6 /* Build configuration list for PBXProject "DreamControlApp" */;
			compatibilityVersion = "Xcode 14.0";
			developmentRegion = en;
			hasScannedForEncodings = 0;
			knownRegions = (
				en,
				Base,
			);
			mainGroup = 2E61244B2B9025B100494DF6;
			productRefGroup = 2E6124552B9025B100494DF6 /* Products */;
			projectDirPath = "";
			projectRoot = "";
			targets = (
				2E6124532B9025B100494DF6 /* DreamControlApp */,
			);
		};
/* End PBXProject section */

/* Begin PBXResourcesBuildPhase section */
		2E6124522B9025B100494DF6 /* Resources */ = {
			isa = PBXResourcesBuildPhase;
			buildActionMask = 2147483647;
			files = (
				2E60923C2CBE80A400081545 /* AmericanTypewriter.ttc in Resources */,
				2EA20C852B919924000AAEC2 /* Assets.xcassets in Resources */,
				2E60923A2CBE800800081545 /* ArialRoundedBold.ttf in Resources */,
				2E8578802BBAB44900BEA1ED /* MontserratAlternates.ttf in Resources */,
				2E6092402CBE835800081545 /* Iowan Old Style.ttc in Resources */,
				2E60923E2CBE814800081545 /* komika.ttf in Resources */,
				2E61245F2B9025B300494DF6 /* Preview Assets.xcassets in Resources */,
			);
			runOnlyForDeploymentPostprocessing = 0;
		};
/* End PBXResourcesBuildPhase section */

/* Begin PBXSourcesBuildPhase section */
		2E6124502B9025B100494DF6 /* Sources */ = {
			isa = PBXSourcesBuildPhase;
			buildActionMask = 2147483647;
			files = (
				2E1978602BD57728000AD527 /* TabBar.swift in Sources */,
				2EFB883E2CABC9160006D68E /* HelpProfileRectangleMorning.swift in Sources */,
				2EE3AC2E2CC2D1620045EDD0 /* DaySplash.swift in Sources */,
				2E9BD10F2BA35DDF0055566F /* InputFieldView.swift in Sources */,
				AC3213632C9519F5006D4399 /* StoriesService.swift in Sources */,
				2EDE21072C1F04C3006951E7 /* DreamView.swift in Sources */,
				2E8578882BBBFAF400BEA1ED /* CustomCheckBoxView.swift in Sources */,
				2E23AE412C24B526003FCCC1 /* IdeasView.swift in Sources */,
				2EC4704D2CE3443A00CE1D48 /* BigYellowButton.swift in Sources */,
				2E85787B2BBA030000BEA1ED /* OnboardingView3.swift in Sources */,
				2EA06B9F2BD18F9A0056E9F7 /* CustomTabBar.swift in Sources */,
				2E19785B2BD3DEED000AD527 /* HelpProfileRectangleDay.swift in Sources */,
				2E6B1A112CDCF31200E07DB2 /* NewDreamView.swift in Sources */,
				2E542A062CA8A26300338070 /* DayRectangel.swift in Sources */,
				2EFB88382CABBFA90006D68E /* EveningRectangle.swift in Sources */,
				AC3213602C9519DE006D4399 /* DreamControlAppApp.swift in Sources */,
				2EA20C832B908FC2000AAEC2 /* OnboardingView2.swift in Sources */,
				2E8578822BBBF07300BEA1ED /* YellowButton.swift in Sources */,
				2E34CBB52C8833700063F57F /* StoryView.swift in Sources */,
				2EA20C882B919B24000AAEC2 /* SplashView.swift in Sources */,
				2E8578862BBBF76800BEA1ED /* OrView.swift in Sources */,
				2EE3AC302CC57D960045EDD0 /* EveningSplash.swift in Sources */,
				2E8578842BBBF07F00BEA1ED /* ClearYellowButton.swift in Sources */,
				2E69F7862CDE11A2002F970E /* AppleId.swift in Sources */,
				2E912D3A2B970CD600664140 /* MainOnboarding.swift in Sources */,
				2EFB883A2CABC10D0006D68E /* HelpProfileRectangleEvening.swift in Sources */,
				2E90A3182CE1158600643AB4 /* YellowButtonLastOnboard.swift in Sources */,
				2E90A3162CE110DC00643AB4 /* LastOnboarding.swift in Sources */,
				2E23AE462C2614D2003FCCC1 /* SubscriptionButton.swift in Sources */,
				2E6092362CBE73B900081545 /* MorningSplash.swift in Sources */,
				2E92C9262BC04DA7005E4DB9 /* CreateNewPasswordView.swift in Sources */,
				2EC4DBFD2BBE7FFF00DE1B43 /* PasswordResetView .swift in Sources */,
				2EFB883C2CABC9050006D68E /* MorningRectangle.swift in Sources */,
				2E66C4512BC79DD600FC2E49 /* AuthPasswordInputField.swift in Sources */,
				2E784F432BA0BE7700AA58F9 /* LogInView.swift in Sources */,
				2E784F452BA0BE8200AA58F9 /* SignUpView.swift in Sources */,
				2E85788A2BBD82F700BEA1ED /* AuthenticationView.swift in Sources */,
				2E19785E2BD3E5E7000AD527 /* OtherViewsRectangle.swift in Sources */,
				2E85787D2BBAA7AB00BEA1ED /* TestPageView.swift in Sources */,
				2E66C4532BC79F4D00FC2E49 /* OTPModifier.swift in Sources */,
				2E23AE432C24B604003FCCC1 /* SettingsView.swift in Sources */,
				2E34CBB32C881F970063F57F /* Model.swift in Sources */,
				2EDE21092C20BE23006951E7 /* SubscriptionView.swift in Sources */,
				2EA06B9D2BD18F880056E9F7 /* MainView.swift in Sources */,
				2EEB4DD12CCCC222006FD26D /* IdeasViewModel.swift in Sources */,
				2E12B5312BA2152800F44234 /* InputFieldViewPassword.swift in Sources */,
				2ECD80112C9AA04A003147BE /* StoryTextView.swift in Sources */,
				2E92C9282BC04EBA005E4DB9 /* PasswordCreatedView.swift in Sources */,
				2EB1BCB02C22C03A00DBA29F /* DreamsCountView.swift in Sources */,
				2E8F49022B9489DF00414354 /* OnboardingView1.swift in Sources */,
				2EA84E1C2C901BBD00C74160 /* NewStoryView.swift in Sources */,
			);
			runOnlyForDeploymentPostprocessing = 0;
		};
/* End PBXSourcesBuildPhase section */

/* Begin XCBuildConfiguration section */
		2E6124602B9025B300494DF6 /* Debug */ = {
			isa = XCBuildConfiguration;
			buildSettings = {
				ALWAYS_SEARCH_USER_PATHS = NO;
				ASSETCATALOG_COMPILER_GENERATE_SWIFT_ASSET_SYMBOL_EXTENSIONS = YES;
				CLANG_ANALYZER_NONNULL = YES;
				CLANG_ANALYZER_NUMBER_OBJECT_CONVERSION = YES_AGGRESSIVE;
				CLANG_CXX_LANGUAGE_STANDARD = "gnu++20";
				CLANG_ENABLE_MODULES = YES;
				CLANG_ENABLE_OBJC_ARC = YES;
				CLANG_ENABLE_OBJC_WEAK = YES;
				CLANG_WARN_BLOCK_CAPTURE_AUTORELEASING = YES;
				CLANG_WARN_BOOL_CONVERSION = YES;
				CLANG_WARN_COMMA = YES;
				CLANG_WARN_CONSTANT_CONVERSION = YES;
				CLANG_WARN_DEPRECATED_OBJC_IMPLEMENTATIONS = YES;
				CLANG_WARN_DIRECT_OBJC_ISA_USAGE = YES_ERROR;
				CLANG_WARN_DOCUMENTATION_COMMENTS = YES;
				CLANG_WARN_EMPTY_BODY = YES;
				CLANG_WARN_ENUM_CONVERSION = YES;
				CLANG_WARN_INFINITE_RECURSION = YES;
				CLANG_WARN_INT_CONVERSION = YES;
				CLANG_WARN_NON_LITERAL_NULL_CONVERSION = YES;
				CLANG_WARN_OBJC_IMPLICIT_RETAIN_SELF = YES;
				CLANG_WARN_OBJC_LITERAL_CONVERSION = YES;
				CLANG_WARN_OBJC_ROOT_CLASS = YES_ERROR;
				CLANG_WARN_QUOTED_INCLUDE_IN_FRAMEWORK_HEADER = YES;
				CLANG_WARN_RANGE_LOOP_ANALYSIS = YES;
				CLANG_WARN_STRICT_PROTOTYPES = YES;
				CLANG_WARN_SUSPICIOUS_MOVE = YES;
				CLANG_WARN_UNGUARDED_AVAILABILITY = YES_AGGRESSIVE;
				CLANG_WARN_UNREACHABLE_CODE = YES;
				CLANG_WARN__DUPLICATE_METHOD_MATCH = YES;
				COPY_PHASE_STRIP = NO;
				DEBUG_INFORMATION_FORMAT = dwarf;
				ENABLE_STRICT_OBJC_MSGSEND = YES;
				ENABLE_TESTABILITY = YES;
				ENABLE_USER_SCRIPT_SANDBOXING = YES;
				GCC_C_LANGUAGE_STANDARD = gnu17;
				GCC_DYNAMIC_NO_PIC = NO;
				GCC_NO_COMMON_BLOCKS = YES;
				GCC_OPTIMIZATION_LEVEL = 0;
				GCC_PREPROCESSOR_DEFINITIONS = (
					"DEBUG=1",
					"$(inherited)",
				);
				GCC_WARN_64_TO_32_BIT_CONVERSION = YES;
				GCC_WARN_ABOUT_RETURN_TYPE = YES_ERROR;
				GCC_WARN_UNDECLARED_SELECTOR = YES;
				GCC_WARN_UNINITIALIZED_AUTOS = YES_AGGRESSIVE;
				GCC_WARN_UNUSED_FUNCTION = YES;
				GCC_WARN_UNUSED_VARIABLE = YES;
				IPHONEOS_DEPLOYMENT_TARGET = 17.0;
				LOCALIZATION_PREFERS_STRING_CATALOGS = YES;
				MTL_ENABLE_DEBUG_INFO = INCLUDE_SOURCE;
				MTL_FAST_MATH = YES;
				ONLY_ACTIVE_ARCH = YES;
				SDKROOT = iphoneos;
				SWIFT_ACTIVE_COMPILATION_CONDITIONS = "DEBUG $(inherited)";
				SWIFT_OPTIMIZATION_LEVEL = "-Onone";
			};
			name = Debug;
		};
		2E6124612B9025B300494DF6 /* Release */ = {
			isa = XCBuildConfiguration;
			buildSettings = {
				ALWAYS_SEARCH_USER_PATHS = NO;
				ASSETCATALOG_COMPILER_GENERATE_SWIFT_ASSET_SYMBOL_EXTENSIONS = YES;
				CLANG_ANALYZER_NONNULL = YES;
				CLANG_ANALYZER_NUMBER_OBJECT_CONVERSION = YES_AGGRESSIVE;
				CLANG_CXX_LANGUAGE_STANDARD = "gnu++20";
				CLANG_ENABLE_MODULES = YES;
				CLANG_ENABLE_OBJC_ARC = YES;
				CLANG_ENABLE_OBJC_WEAK = YES;
				CLANG_WARN_BLOCK_CAPTURE_AUTORELEASING = YES;
				CLANG_WARN_BOOL_CONVERSION = YES;
				CLANG_WARN_COMMA = YES;
				CLANG_WARN_CONSTANT_CONVERSION = YES;
				CLANG_WARN_DEPRECATED_OBJC_IMPLEMENTATIONS = YES;
				CLANG_WARN_DIRECT_OBJC_ISA_USAGE = YES_ERROR;
				CLANG_WARN_DOCUMENTATION_COMMENTS = YES;
				CLANG_WARN_EMPTY_BODY = YES;
				CLANG_WARN_ENUM_CONVERSION = YES;
				CLANG_WARN_INFINITE_RECURSION = YES;
				CLANG_WARN_INT_CONVERSION = YES;
				CLANG_WARN_NON_LITERAL_NULL_CONVERSION = YES;
				CLANG_WARN_OBJC_IMPLICIT_RETAIN_SELF = YES;
				CLANG_WARN_OBJC_LITERAL_CONVERSION = YES;
				CLANG_WARN_OBJC_ROOT_CLASS = YES_ERROR;
				CLANG_WARN_QUOTED_INCLUDE_IN_FRAMEWORK_HEADER = YES;
				CLANG_WARN_RANGE_LOOP_ANALYSIS = YES;
				CLANG_WARN_STRICT_PROTOTYPES = YES;
				CLANG_WARN_SUSPICIOUS_MOVE = YES;
				CLANG_WARN_UNGUARDED_AVAILABILITY = YES_AGGRESSIVE;
				CLANG_WARN_UNREACHABLE_CODE = YES;
				CLANG_WARN__DUPLICATE_METHOD_MATCH = YES;
				COPY_PHASE_STRIP = NO;
				DEBUG_INFORMATION_FORMAT = "dwarf-with-dsym";
				ENABLE_NS_ASSERTIONS = NO;
				ENABLE_STRICT_OBJC_MSGSEND = YES;
				ENABLE_USER_SCRIPT_SANDBOXING = YES;
				GCC_C_LANGUAGE_STANDARD = gnu17;
				GCC_NO_COMMON_BLOCKS = YES;
				GCC_WARN_64_TO_32_BIT_CONVERSION = YES;
				GCC_WARN_ABOUT_RETURN_TYPE = YES_ERROR;
				GCC_WARN_UNDECLARED_SELECTOR = YES;
				GCC_WARN_UNINITIALIZED_AUTOS = YES_AGGRESSIVE;
				GCC_WARN_UNUSED_FUNCTION = YES;
				GCC_WARN_UNUSED_VARIABLE = YES;
				IPHONEOS_DEPLOYMENT_TARGET = 17.0;
				LOCALIZATION_PREFERS_STRING_CATALOGS = YES;
				MTL_ENABLE_DEBUG_INFO = NO;
				MTL_FAST_MATH = YES;
				SDKROOT = iphoneos;
				SWIFT_COMPILATION_MODE = wholemodule;
				VALIDATE_PRODUCT = YES;
			};
			name = Release;
		};
		2E6124632B9025B300494DF6 /* Debug */ = {
			isa = XCBuildConfiguration;
			buildSettings = {
				ASSETCATALOG_COMPILER_APPICON_NAME = AppIcon;
				ASSETCATALOG_COMPILER_GLOBAL_ACCENT_COLOR_NAME = AccentColor;
				CODE_SIGN_STYLE = Automatic;
				CURRENT_PROJECT_VERSION = 1;
				DEVELOPMENT_ASSET_PATHS = "\"DreamControlApp/Preview Content\"";
				DEVELOPMENT_TEAM = 26BAG468M4;
				ENABLE_PREVIEWS = YES;
				GENERATE_INFOPLIST_FILE = YES;
				INFOPLIST_FILE = DreamControlApp/Info.plist;
				INFOPLIST_KEY_UIApplicationSceneManifest_Generation = YES;
				INFOPLIST_KEY_UIApplicationSupportsIndirectInputEvents = YES;
				INFOPLIST_KEY_UILaunchScreen_Generation = YES;
				INFOPLIST_KEY_UISupportedInterfaceOrientations_iPad = "UIInterfaceOrientationPortrait UIInterfaceOrientationPortraitUpsideDown UIInterfaceOrientationLandscapeLeft UIInterfaceOrientationLandscapeRight";
				INFOPLIST_KEY_UISupportedInterfaceOrientations_iPhone = "UIInterfaceOrientationPortrait UIInterfaceOrientationLandscapeLeft UIInterfaceOrientationLandscapeRight";
				LD_RUNPATH_SEARCH_PATHS = (
					"$(inherited)",
					"@executable_path/Frameworks",
				);
				MARKETING_VERSION = 1.0;
				PRODUCT_BUNDLE_IDENTIFIER = com.DreamControlApp;
				PRODUCT_NAME = "$(TARGET_NAME)";
				SWIFT_EMIT_LOC_STRINGS = YES;
				SWIFT_VERSION = 5.0;
				TARGETED_DEVICE_FAMILY = "1,2";
			};
			name = Debug;
		};
		2E6124642B9025B300494DF6 /* Release */ = {
			isa = XCBuildConfiguration;
			buildSettings = {
				ASSETCATALOG_COMPILER_APPICON_NAME = AppIcon;
				ASSETCATALOG_COMPILER_GLOBAL_ACCENT_COLOR_NAME = AccentColor;
				CODE_SIGN_STYLE = Automatic;
				CURRENT_PROJECT_VERSION = 1;
				DEVELOPMENT_ASSET_PATHS = "\"DreamControlApp/Preview Content\"";
				DEVELOPMENT_TEAM = 26BAG468M4;
				ENABLE_PREVIEWS = YES;
				GENERATE_INFOPLIST_FILE = YES;
				INFOPLIST_FILE = DreamControlApp/Info.plist;
				INFOPLIST_KEY_UIApplicationSceneManifest_Generation = YES;
				INFOPLIST_KEY_UIApplicationSupportsIndirectInputEvents = YES;
				INFOPLIST_KEY_UILaunchScreen_Generation = YES;
				INFOPLIST_KEY_UISupportedInterfaceOrientations_iPad = "UIInterfaceOrientationPortrait UIInterfaceOrientationPortraitUpsideDown UIInterfaceOrientationLandscapeLeft UIInterfaceOrientationLandscapeRight";
				INFOPLIST_KEY_UISupportedInterfaceOrientations_iPhone = "UIInterfaceOrientationPortrait UIInterfaceOrientationLandscapeLeft UIInterfaceOrientationLandscapeRight";
				LD_RUNPATH_SEARCH_PATHS = (
					"$(inherited)",
					"@executable_path/Frameworks",
				);
				MARKETING_VERSION = 1.0;
				PRODUCT_BUNDLE_IDENTIFIER = com.DreamControlApp;
				PRODUCT_NAME = "$(TARGET_NAME)";
				SWIFT_EMIT_LOC_STRINGS = YES;
				SWIFT_VERSION = 5.0;
				TARGETED_DEVICE_FAMILY = "1,2";
			};
			name = Release;
		};
/* End XCBuildConfiguration section */

/* Begin XCConfigurationList section */
		2E61244F2B9025B100494DF6 /* Build configuration list for PBXProject "DreamControlApp" */ = {
			isa = XCConfigurationList;
			buildConfigurations = (
				2E6124602B9025B300494DF6 /* Debug */,
				2E6124612B9025B300494DF6 /* Release */,
			);
			defaultConfigurationIsVisible = 0;
			defaultConfigurationName = Release;
		};
		2E6124622B9025B300494DF6 /* Build configuration list for PBXNativeTarget "DreamControlApp" */ = {
			isa = XCConfigurationList;
			buildConfigurations = (
				2E6124632B9025B300494DF6 /* Debug */,
				2E6124642B9025B300494DF6 /* Release */,
			);
			defaultConfigurationIsVisible = 0;
			defaultConfigurationName = Release;
		};
/* End XCConfigurationList section */
	};
	rootObject = 2E61244C2B9025B100494DF6 /* Project object */;
}
